
Microsoft Visual Studio Solution File, Format Version 12.00
# Visual Studio Version 16
VisualStudioVersion = 16.0.29709.97
MinimumVisualStudioVersion = 10.0.40219.1
Project("{9A19103F-16F7-4668-BE54-9A1E7A4F7556}") = "Library-System", "Library-System.csproj", "{28F285D7-AA3F-4866-95DC-64A8137CA155}"
EndProject
Global
	GlobalSection(SolutionConfigurationPlatforms) = preSolution
		Debug|Any CPU = Debug|Any CPU
		Release|Any CPU = Release|Any CPU
	EndGlobalSection
	GlobalSection(ProjectConfigurationPlatforms) = postSolution
		{28F285D7-AA3F-4866-95DC-64A8137CA155}.Debug|Any CPU.ActiveCfg = Debug|Any CPU
		{28F285D7-AA3F-4866-95DC-64A8137CA155}.Debug|Any CPU.Build.0 = Debug|Any CPU
		{28F285D7-AA3F-4866-95DC-64A8137CA155}.Release|Any CPU.ActiveCfg = Release|Any CPU
		{28F285D7-AA3F-4866-95DC-64A8137CA155}.Release|Any CPU.Build.0 = Release|Any CPU
	EndGlobalSection
	GlobalSection(SolutionProperties) = preSolution
		HideSolutionNode = FALSE
	EndGlobalSection
	GlobalSection(ExtensibilityGlobals) = postSolution
		SolutionGuid = {00D9FA5E-AE9B-4A56-8ECE-7C26FB97949E}
	EndGlobalSection
EndGlobal
